
Microsoft Visual Studio Solution File, Format Version 12.00
# Visual Studio Version 16
VisualStudioVersion = 16.0.30011.22
MinimumVisualStudioVersion = 10.0.40219.1
Project("{FAE04EC0-301F-11D3-BF4B-00C04F79EFBC}") = "sosukiiHOMEWORKforCodeBlog(array+list+enum)", "sosukiiHOMEWORKforCodeBlog(array+list+enum)\sosukiiHOMEWORKforCodeBlog(array+list+enum).csproj", "{BEC10DAB-CC41-40DD-8303-F81517DB6969}"
EndProject
Global
	GlobalSection(SolutionConfigurationPlatforms) = preSolution
		Debug|Any CPU = Debug|Any CPU
		Release|Any CPU = Release|Any CPU
	EndGlobalSection
	GlobalSection(ProjectConfigurationPlatforms) = postSolution
		{BEC10DAB-CC41-40DD-8303-F81517DB6969}.Debug|Any CPU.ActiveCfg = Debug|Any CPU
		{BEC10DAB-CC41-40DD-8303-F81517DB6969}.Debug|Any CPU.Build.0 = Debug|Any CPU
		{BEC10DAB-CC41-40DD-8303-F81517DB6969}.Release|Any CPU.ActiveCfg = Release|Any CPU
		{BEC10DAB-CC41-40DD-8303-F81517DB6969}.Release|Any CPU.Build.0 = Release|Any CPU
	EndGlobalSection
	GlobalSection(SolutionProperties) = preSolution
		HideSolutionNode = FALSE
	EndGlobalSection
	GlobalSection(ExtensibilityGlobals) = postSolution
		SolutionGuid = {CE531152-0661-44B1-BE66-C110449011FD}
	EndGlobalSection
EndGlobal
